{
  "requires": true,
  "lockfileVersion": 1,
  "dependencies": {
    "@fast-csv/format": {
      "version": "4.3.5",
      "resolved": "https://registry.npmjs.org/@fast-csv/format/-/format-4.3.5.tgz",
      "integrity": "sha512-8iRn6QF3I8Ak78lNAa+Gdl5MJJBM5vRHivFtMRUWINdevNo00K7OXxS2PshawLKTejVwieIlPmK5YlLu6w4u8A==",
      "requires": {
        "@types/node": "^14.0.1",
        "lodash.escaperegexp": "^4.1.2",
        "lodash.isboolean": "^3.0.3",
        "lodash.isequal": "^4.5.0",
        "lodash.isfunction": "^3.0.9",
        "lodash.isnil": "^4.0.0"
      }
    },
    "@fast-csv/parse": {
      "version": "4.3.6",
      "resolved": "https://registry.npmjs.org/@fast-csv/parse/-/parse-4.3.6.tgz",
      "integrity": "sha512-uRsLYksqpbDmWaSmzvJcuApSEe38+6NQZBUsuAyMZKqHxH0g1wcJgsKUvN3WC8tewaqFjBMMGrkHmC+T7k8LvA==",
      "requires": {
        "@types/node": "^14.0.1",
        "lodash.escaperegexp": "^4.1.2",
        "lodash.groupby": "^4.6.0",
        "lodash.isfunction": "^3.0.9",
        "lodash.isnil": "^4.0.0",
        "lodash.isundefined": "^3.0.1",
        "lodash.uniq": "^4.5.0"
      }
    },
    "@gmod/binary-parser": {
      "version": "1.4.1",
      "resolved": "https://registry.npmjs.org/@gmod/binary-parser/-/binary-parser-1.4.1.tgz",
      "integrity": "sha512-288CLUbiZ/4N71LT9hmZkhZ2UpPMNDD28x8R7bJ+jS8Fd06ly5LOpbIBwsWgIgWDLB4fng18wCUq+FR55QCCJg==",
      "requires": {
        "long": "^4.0.0"
      }
    },
    "@types/node": {
      "version": "14.18.5",
      "resolved": "https://registry.npmjs.org/@types/node/-/node-14.18.5.tgz",
      "integrity": "sha512-LMy+vDDcQR48EZdEx5wRX1q/sEl6NdGuHXPnfeL8ixkwCOSZ2qnIyIZmcCbdX0MeRqHhAcHmX+haCbrS8Run+A=="
    },
    "atob": {
      "version": "2.1.2",
      "resolved": "https://registry.npmjs.org/atob/-/atob-2.1.2.tgz",
      "integrity": "sha512-Wm6ukoaOGJi/73p/cl2GvLjTI5JM1k/O14isD73YML8StrH/7/lRFgmg8nICZgD3bZZvjwCGxtMOD3wWNAu8cg=="
    },
    "egm96-universal": {
      "version": "1.1.0",
      "resolved": "https://registry.npmjs.org/egm96-universal/-/egm96-universal-1.1.0.tgz",
      "integrity": "sha512-LsrOHkIDyFIwRK2PnY3eBC8Efyn+rjzFagOGHFid1CbPee7rgAzezgiYDZodwG8yEggA23mVW0yNvUMkc7XsXw==",
      "requires": {
        "rfc4648": "^1.5.0"
      }
    },
    "fast-csv": {
      "version": "4.3.6",
      "resolved": "https://registry.npmjs.org/fast-csv/-/fast-csv-4.3.6.tgz",
      "integrity": "sha512-2RNSpuwwsJGP0frGsOmTb9oUF+VkFSM4SyLTDgwf2ciHWTarN0lQTC+F2f/t5J9QjW+c65VFIAAu85GsvMIusw==",
      "requires": {
        "@fast-csv/format": "4.3.5",
        "@fast-csv/parse": "4.3.6"
      }
    },
    "fs": {
      "version": "0.0.1-security",
      "resolved": "https://registry.npmjs.org/fs/-/fs-0.0.1-security.tgz",
      "integrity": "sha1-invTcYa23d84E/I4WLV+yq9eQdQ="
    },
    "gopro-telemetry": {
      "version": "1.1.36",
      "resolved": "https://registry.npmjs.org/gopro-telemetry/-/gopro-telemetry-1.1.36.tgz",
      "integrity": "sha512-AvCV7+Ju4B8k3zhNHQlakxbSMwHP1X2Fh+9ijI2Hm1XbkmTuxcgT779HRW9dQtp8LEecotkvRvHhWjubXzDjeQ==",
      "requires": {
        "@gmod/binary-parser": "^1.3.5",
        "atob": "^2.1.2",
        "egm96-universal": "^1.0.2"
      }
    },
    "gpmf-extract": {
      "version": "0.2.2",
      "resolved": "https://registry.npmjs.org/gpmf-extract/-/gpmf-extract-0.2.2.tgz",
      "integrity": "sha512-dIJZ9GQwrSycUOcEY1Q9YeO6IB00+07i6iSnj1WBtFyRgHTZ/VM2GEtRToKLzloWG+B12HlHNlpqA/NSufDPag==",
      "requires": {
        "inline-worker": "^1.1.0",
        "mp4box": "^0.4.1"
      }
    },
    "inline-worker": {
      "version": "1.1.0",
      "resolved": "https://registry.npmjs.org/inline-worker/-/inline-worker-1.1.0.tgz",
      "integrity": "sha1-VelvVJFaZCsAhyotqm/oMrQkyY0="
    },
    "lodash.escaperegexp": {
      "version": "4.1.2",
      "resolved": "https://registry.npmjs.org/lodash.escaperegexp/-/lodash.escaperegexp-4.1.2.tgz",
      "integrity": "sha1-ZHYsSGGAglGKw99Mz11YhtriA0c="
    },
    "lodash.groupby": {
      "version": "4.6.0",
      "resolved": "https://registry.npmjs.org/lodash.groupby/-/lodash.groupby-4.6.0.tgz",
      "integrity": "sha1-Cwih3PaDl8OXhVwyOXg4Mt90A9E="
    },
    "lodash.isboolean": {
      "version": "3.0.3",
      "resolved": "https://registry.npmjs.org/lodash.isboolean/-/lodash.isboolean-3.0.3.tgz",
      "integrity": "sha1-bC4XHbKiV82WgC/UOwGyDV9YcPY="
    },
    "lodash.isequal": {
      "version": "4.5.0",
      "resolved": "https://registry.npmjs.org/lodash.isequal/-/lodash.isequal-4.5.0.tgz",
      "integrity": "sha1-QVxEePK8wwEgwizhDtMib30+GOA="
    },
    "lodash.isfunction": {
      "version": "3.0.9",
      "resolved": "https://registry.npmjs.org/lodash.isfunction/-/lodash.isfunction-3.0.9.tgz",
      "integrity": "sha512-AirXNj15uRIMMPihnkInB4i3NHeb4iBtNg9WRWuK2o31S+ePwwNmDPaTL3o7dTJ+VXNZim7rFs4rxN4YU1oUJw=="
    },
    "lodash.isnil": {
      "version": "4.0.0",
      "resolved": "https://registry.npmjs.org/lodash.isnil/-/lodash.isnil-4.0.0.tgz",
      "integrity": "sha1-SeKM1VkBNFjIFMVHnTxmOiG/qmw="
    },
    "lodash.isundefined": {
      "version": "3.0.1",
      "resolved": "https://registry.npmjs.org/lodash.isundefined/-/lodash.isundefined-3.0.1.tgz",
      "integrity": "sha1-I+89lTVWUgOmbO/VuDD4SJEa+0g="
    },
    "lodash.uniq": {
      "version": "4.5.0",
      "resolved": "https://registry.npmjs.org/lodash.uniq/-/lodash.uniq-4.5.0.tgz",
      "integrity": "sha1-0CJTc662Uq3BvILklFM5qEJ1R3M="
    },
    "long": {
      "version": "4.0.0",
      "resolved": "https://registry.npmjs.org/long/-/long-4.0.0.tgz",
      "integrity": "sha512-XsP+KhQif4bjX1kbuSiySJFNAehNxgLb6hPRGJ9QsUr8ajHkuXGdrHmFUTUUXhDwVX2R5bY4JNZEwbUiMhV+MA=="
    },
    "mp4box": {
      "version": "0.4.9",
      "resolved": "https://registry.npmjs.org/mp4box/-/mp4box-0.4.9.tgz",
      "integrity": "sha512-APZb4ZaCBBXdyxA9nXF5lVb/xc2OPRWbnxwlHOn7tXxiBVchpLUl+nZMF52MLLv0oESnZBSy5qnDj9sRE9LCoQ=="
    },
    "rfc4648": {
      "version": "1.5.1",
      "resolved": "https://registry.npmjs.org/rfc4648/-/rfc4648-1.5.1.tgz",
      "integrity": "sha512-60e/YWs2/D3MV1ErdjhJHcmlgnyLUiG4X/14dgsfm9/zmCWLN16xI6YqJYSCd/OANM7bUNzJqPY5B8/02S9Ibw=="
    }
  }
}
